<?xml version="1.0" encoding="utf-8"?>
<Project ToolsVersion="4.0" xmlns="http://schemas.microsoft.com/developer/msbuild/2003">
  <ItemGroup>
    <Filter Include="소스 파일">
      <UniqueIdentifier>{4FC737F1-C7A5-4376-A066-2A32D752A2FF}</UniqueIdentifier>
      <Extensions>cpp;c;cc;cxx;def;odl;idl;hpj;bat;asm;asmx</Extensions>
    </Filter>
    <Filter Include="Define">
      <UniqueIdentifier>{dc8f3900-b967-4f57-ade7-7ac7c0bdf5b2}</UniqueIdentifier>
    </Filter>
    <Filter Include="UserInfo">
      <UniqueIdentifier>{e83f076d-cc0f-4088-80ec-6d2faa4c14ce}</UniqueIdentifier>
    </Filter>
    <Filter Include="SimpleServer">
      <UniqueIdentifier>{bcf7d71a-1e55-441e-9590-d5b80965c94a}</UniqueIdentifier>
    </Filter>
  </ItemGroup>
  <ItemGroup>
    <ClCompile Include="main.cpp">
      <Filter>소스 파일</Filter>
    </ClCompile>
    <ClCompile Include="stdafx.cpp">
      <Filter>Define</Filter>
    </ClCompile>
    <ClCompile Include="UserInfo.cpp">
      <Filter>UserInfo</Filter>
    </ClCompile>
    <ClCompile Include="SimpleServer.cpp">
      <Filter>SimpleServer</Filter>
    </ClCompile>
  </ItemGroup>
  <ItemGroup>
    <ClInclude Include="stdafx.h">
      <Filter>Define</Filter>
    </ClInclude>
    <ClInclude Include="..\global_header.hh">
      <Filter>Define</Filter>
    </ClInclude>
    <ClInclude Include="UserInfo.h">
      <Filter>UserInfo</Filter>
    </ClInclude>
    <ClInclude Include="SimpleServer.h">
      <Filter>SimpleServer</Filter>
    </ClInclude>
  </ItemGroup>
</Project>